
Microsoft Visual Studio Solution File, Format Version 12.00
# Visual Studio Version 17
VisualStudioVersion = 17.5.33424.131
MinimumVisualStudioVersion = 10.0.40219.1
Project("{FAE04EC0-301F-11D3-BF4B-00C04F79EFBC}") = "RickAndMorty.Core", "RickAndMorty.Core\RickAndMorty.Core.csproj", "{70E17917-E8B3-4E82-AB6F-AD05436FA55D}"
EndProject
Project("{FAE04EC0-301F-11D3-BF4B-00C04F79EFBC}") = "RickAndMorty.Web", "RickAndMorty.Web\RickAndMorty.Web.csproj", "{16B25EB9-9BC5-4CE4-876D-EC6AC8181B29}"
EndProject
Global
	GlobalSection(SolutionConfigurationPlatforms) = preSolution
		Debug|Any CPU = Debug|Any CPU
		Release|Any CPU = Release|Any CPU
	EndGlobalSection
	GlobalSection(ProjectConfigurationPlatforms) = postSolution
		{70E17917-E8B3-4E82-AB6F-AD05436FA55D}.Debug|Any CPU.ActiveCfg = Debug|Any CPU
		{70E17917-E8B3-4E82-AB6F-AD05436FA55D}.Debug|Any CPU.Build.0 = Debug|Any CPU
		{70E17917-E8B3-4E82-AB6F-AD05436FA55D}.Release|Any CPU.ActiveCfg = Release|Any CPU
		{70E17917-E8B3-4E82-AB6F-AD05436FA55D}.Release|Any CPU.Build.0 = Release|Any CPU
		{16B25EB9-9BC5-4CE4-876D-EC6AC8181B29}.Debug|Any CPU.ActiveCfg = Debug|Any CPU
		{16B25EB9-9BC5-4CE4-876D-EC6AC8181B29}.Debug|Any CPU.Build.0 = Debug|Any CPU
		{16B25EB9-9BC5-4CE4-876D-EC6AC8181B29}.Release|Any CPU.ActiveCfg = Release|Any CPU
		{16B25EB9-9BC5-4CE4-876D-EC6AC8181B29}.Release|Any CPU.Build.0 = Release|Any CPU
	EndGlobalSection
	GlobalSection(SolutionProperties) = preSolution
		HideSolutionNode = FALSE
	EndGlobalSection
	GlobalSection(ExtensibilityGlobals) = postSolution
		SolutionGuid = {A0E8F67B-99F6-4566-A7B4-A60C96F6D9F9}
	EndGlobalSection
EndGlobal
